
Microsoft Visual Studio Solution File, Format Version 12.00
# Visual Studio 15
VisualStudioVersion = 15.0.26730.12
MinimumVisualStudioVersion = 10.0.40219.1
Project("{FAE04EC0-301F-11D3-BF4B-00C04F79EFBC}") = "AplicationProduccion", "AplicationProduccion\AplicationProduccion.csproj", "{486A66BD-A238-4024-B502-7AC4EF51B34E}"
EndProject
Global
	GlobalSection(SolutionConfigurationPlatforms) = preSolution
		Debug|Any CPU = Debug|Any CPU
		Release|Any CPU = Release|Any CPU
	EndGlobalSection
	GlobalSection(ProjectConfigurationPlatforms) = postSolution
		{486A66BD-A238-4024-B502-7AC4EF51B34E}.Debug|Any CPU.ActiveCfg = Debug|Any CPU
		{486A66BD-A238-4024-B502-7AC4EF51B34E}.Debug|Any CPU.Build.0 = Debug|Any CPU
		{486A66BD-A238-4024-B502-7AC4EF51B34E}.Release|Any CPU.ActiveCfg = Release|Any CPU
		{486A66BD-A238-4024-B502-7AC4EF51B34E}.Release|Any CPU.Build.0 = Release|Any CPU
	EndGlobalSection
	GlobalSection(SolutionProperties) = preSolution
		HideSolutionNode = FALSE
	EndGlobalSection
	GlobalSection(ExtensibilityGlobals) = postSolution
		SolutionGuid = {75F6C2AA-8C3F-418E-BF2E-B4AB2FAC0020}
	EndGlobalSection
EndGlobal
